
Microsoft Visual Studio Solution File, Format Version 12.00
# Visual Studio 14
VisualStudioVersion = 14.0.25420.1
MinimumVisualStudioVersion = 10.0.40219.1
Project("{FAE04EC0-301F-11D3-BF4B-00C04F79EFBC}") = "MyoQuest", "MyoQuest\MyoQuest.csproj", "{FEC80B99-6613-43CE-956D-BA13C09FEFDD}"
EndProject
Project("{FAE04EC0-301F-11D3-BF4B-00C04F79EFBC}") = "MyoQuest.MyoController", "MyoQuest.MyoController\MyoQuest.MyoController.csproj", "{C3004C21-326F-4DAC-B8D4-BB768D446F84}"
EndProject
Project("{FAE04EC0-301F-11D3-BF4B-00C04F79EFBC}") = "MyoQuest.Common", "MyoQuest.Common\MyoQuest.Common.csproj", "{E25AD7ED-32A0-44FB-A091-DB41F63A2505}"
EndProject
Project("{FAE04EC0-301F-11D3-BF4B-00C04F79EFBC}") = "MyoQuest.MyoController.Tests", "MyoQuest.MyoController.Tests\MyoQuest.MyoController.Tests.csproj", "{FF4BB178-703B-44B7-97C5-52B612177B71}"
EndProject
Project("{FAE04EC0-301F-11D3-BF4B-00C04F79EFBC}") = "MyoQuest.Game", "MyoQuest.Game\MyoQuest.Game.csproj", "{A56A1D01-2D4D-47F4-8BC5-1C6170F85C7A}"
EndProject
Global
	GlobalSection(SolutionConfigurationPlatforms) = preSolution
		Debug|Any CPU = Debug|Any CPU
		Release|Any CPU = Release|Any CPU
	EndGlobalSection
	GlobalSection(ProjectConfigurationPlatforms) = postSolution
		{FEC80B99-6613-43CE-956D-BA13C09FEFDD}.Debug|Any CPU.ActiveCfg = Debug|Any CPU
		{FEC80B99-6613-43CE-956D-BA13C09FEFDD}.Debug|Any CPU.Build.0 = Debug|Any CPU
		{FEC80B99-6613-43CE-956D-BA13C09FEFDD}.Release|Any CPU.ActiveCfg = Release|Any CPU
		{FEC80B99-6613-43CE-956D-BA13C09FEFDD}.Release|Any CPU.Build.0 = Release|Any CPU
		{C3004C21-326F-4DAC-B8D4-BB768D446F84}.Debug|Any CPU.ActiveCfg = Debug|Any CPU
		{C3004C21-326F-4DAC-B8D4-BB768D446F84}.Debug|Any CPU.Build.0 = Debug|Any CPU
		{C3004C21-326F-4DAC-B8D4-BB768D446F84}.Release|Any CPU.ActiveCfg = Release|Any CPU
		{C3004C21-326F-4DAC-B8D4-BB768D446F84}.Release|Any CPU.Build.0 = Release|Any CPU
		{E25AD7ED-32A0-44FB-A091-DB41F63A2505}.Debug|Any CPU.ActiveCfg = Debug|Any CPU
		{E25AD7ED-32A0-44FB-A091-DB41F63A2505}.Debug|Any CPU.Build.0 = Debug|Any CPU
		{E25AD7ED-32A0-44FB-A091-DB41F63A2505}.Release|Any CPU.ActiveCfg = Release|Any CPU
		{E25AD7ED-32A0-44FB-A091-DB41F63A2505}.Release|Any CPU.Build.0 = Release|Any CPU
		{FF4BB178-703B-44B7-97C5-52B612177B71}.Debug|Any CPU.ActiveCfg = Debug|Any CPU
		{FF4BB178-703B-44B7-97C5-52B612177B71}.Debug|Any CPU.Build.0 = Debug|Any CPU
		{FF4BB178-703B-44B7-97C5-52B612177B71}.Release|Any CPU.ActiveCfg = Release|Any CPU
		{FF4BB178-703B-44B7-97C5-52B612177B71}.Release|Any CPU.Build.0 = Release|Any CPU
		{A56A1D01-2D4D-47F4-8BC5-1C6170F85C7A}.Debug|Any CPU.ActiveCfg = Debug|Any CPU
		{A56A1D01-2D4D-47F4-8BC5-1C6170F85C7A}.Debug|Any CPU.Build.0 = Debug|Any CPU
		{A56A1D01-2D4D-47F4-8BC5-1C6170F85C7A}.Release|Any CPU.ActiveCfg = Release|Any CPU
		{A56A1D01-2D4D-47F4-8BC5-1C6170F85C7A}.Release|Any CPU.Build.0 = Release|Any CPU
	EndGlobalSection
	GlobalSection(SolutionProperties) = preSolution
		HideSolutionNode = FALSE
	EndGlobalSection
EndGlobal
